// !$*UTF8*$!
{
	archiveVersion = 1;
	classes = {
	};
	objectVersion = 56;
	objects = {

/* Begin PBXBuildFile section */
		5840E25D2A1883D000959819 /* RecommendedSongsRes.swift in Sources */ = {isa = PBXBuildFile; fileRef = 5840E25C2A1883D000959819 /* RecommendedSongsRes.swift */; };
		58620F6A2A1729170098F35A /* SpotifyError.swift in Sources */ = {isa = PBXBuildFile; fileRef = 58620F692A1729170098F35A /* SpotifyError.swift */; };
		58673AFB2A115B7E00B2829B /* User.swift in Sources */ = {isa = PBXBuildFile; fileRef = 58673AFA2A115B7E00B2829B /* User.swift */; };
		58673AFF2A1168F000B2829B /* SaveSongReq.swift in Sources */ = {isa = PBXBuildFile; fileRef = 58673AFE2A1168F000B2829B /* SaveSongReq.swift */; };
		58673B012A116A5F00B2829B /* ActionsViewModel.swift in Sources */ = {isa = PBXBuildFile; fileRef = 58673B002A116A5F00B2829B /* ActionsViewModel.swift */; };
		588C1EDB2A1C33D800035FC1 /* CreatePlaylistReq.swift in Sources */ = {isa = PBXBuildFile; fileRef = 588C1EDA2A1C33D800035FC1 /* CreatePlaylistReq.swift */; };
		588C1EDD2A1C344300035FC1 /* CreatePlaylistRes.swift in Sources */ = {isa = PBXBuildFile; fileRef = 588C1EDC2A1C344300035FC1 /* CreatePlaylistRes.swift */; };
		589127B42A0ED19400CA0B0C /* App.swift in Sources */ = {isa = PBXBuildFile; fileRef = 589127B32A0ED19400CA0B0C /* App.swift */; };
		589127B82A0ED19500CA0B0C /* Assets.xcassets in Resources */ = {isa = PBXBuildFile; fileRef = 589127B72A0ED19500CA0B0C /* Assets.xcassets */; };
		589127BB2A0ED19500CA0B0C /* Preview Assets.xcassets in Resources */ = {isa = PBXBuildFile; fileRef = 589127BA2A0ED19500CA0B0C /* Preview Assets.xcassets */; };
		589127C32A0ED26D00CA0B0C /* HomeView.swift in Sources */ = {isa = PBXBuildFile; fileRef = 589127C22A0ED26D00CA0B0C /* HomeView.swift */; };
		589127C52A0ED27E00CA0B0C /* SongView.swift in Sources */ = {isa = PBXBuildFile; fileRef = 589127C42A0ED27E00CA0B0C /* SongView.swift */; };
		589127C72A0ED29D00CA0B0C /* ActionsView.swift in Sources */ = {isa = PBXBuildFile; fileRef = 589127C62A0ED29D00CA0B0C /* ActionsView.swift */; };
		589127CA2A0ED6E100CA0B0C /* Song.swift in Sources */ = {isa = PBXBuildFile; fileRef = 589127C92A0ED6E100CA0B0C /* Song.swift */; };
		589127CC2A0EE28800CA0B0C /* SettingsView.swift in Sources */ = {isa = PBXBuildFile; fileRef = 589127CB2A0EE28800CA0B0C /* SettingsView.swift */; };
		589127CE2A0F03FD00CA0B0C /* SignInView.swift in Sources */ = {isa = PBXBuildFile; fileRef = 589127CD2A0F03FD00CA0B0C /* SignInView.swift */; };
		589127D02A0F04EB00CA0B0C /* ViewSwitcher.swift in Sources */ = {isa = PBXBuildFile; fileRef = 589127CF2A0F04EB00CA0B0C /* ViewSwitcher.swift */; };
		589127D42A0F056800CA0B0C /* Auth.swift in Sources */ = {isa = PBXBuildFile; fileRef = 589127D32A0F056800CA0B0C /* Auth.swift */; };
		589127D62A0F05AF00CA0B0C /* AccessTokenRes.swift in Sources */ = {isa = PBXBuildFile; fileRef = 589127D52A0F05AF00CA0B0C /* AccessTokenRes.swift */; };
		589127D82A0F065500CA0B0C /* SignInViewModel.swift in Sources */ = {isa = PBXBuildFile; fileRef = 589127D72A0F065500CA0B0C /* SignInViewModel.swift */; };
		589127DA2A0F0BCF00CA0B0C /* Audio.swift in Sources */ = {isa = PBXBuildFile; fileRef = 589127D92A0F0BCF00CA0B0C /* Audio.swift */; };
		589127DC2A0F0E2600CA0B0C /* SongViewModel.swift in Sources */ = {isa = PBXBuildFile; fileRef = 589127DB2A0F0E2500CA0B0C /* SongViewModel.swift */; };
		58CF541A2A1D7F4700532287 /* SwipeRightToast.swift in Sources */ = {isa = PBXBuildFile; fileRef = 58CF54192A1D7F4700532287 /* SwipeRightToast.swift */; };
		58DECE692A131C3800142906 /* TopSongsRes.swift in Sources */ = {isa = PBXBuildFile; fileRef = 58DECE682A131C3800142906 /* TopSongsRes.swift */; };
		58DECE6B2A131EC700142906 /* Album.swift in Sources */ = {isa = PBXBuildFile; fileRef = 58DECE6A2A131EC700142906 /* Album.swift */; };
		58DECE6D2A131FBD00142906 /* APIError.swift in Sources */ = {isa = PBXBuildFile; fileRef = 58DECE6C2A131FBD00142906 /* APIError.swift */; };
		58DECE6F2A1321D500142906 /* SpotifyImage.swift in Sources */ = {isa = PBXBuildFile; fileRef = 58DECE6E2A1321D500142906 /* SpotifyImage.swift */; };
		58DECE712A1321F600142906 /* Artist.swift in Sources */ = {isa = PBXBuildFile; fileRef = 58DECE702A1321F600142906 /* Artist.swift */; };
		58DECE732A13226D00142906 /* Playlist.swift in Sources */ = {isa = PBXBuildFile; fileRef = 58DECE722A13226D00142906 /* Playlist.swift */; };
		58DECE752A13239C00142906 /* ExplicitContent.swift in Sources */ = {isa = PBXBuildFile; fileRef = 58DECE742A13239C00142906 /* ExplicitContent.swift */; };
		58DECE772A13247E00142906 /* AddSongReq.swift in Sources */ = {isa = PBXBuildFile; fileRef = 58DECE762A13247E00142906 /* AddSongReq.swift */; };
		58E526EA2A119F99006535FB /* UserPlaylistsRes.swift in Sources */ = {isa = PBXBuildFile; fileRef = 58E526E92A119F99006535FB /* UserPlaylistsRes.swift */; };
		58E526EE2A11A458006535FB /* PlaylistView.swift in Sources */ = {isa = PBXBuildFile; fileRef = 58E526ED2A11A458006535FB /* PlaylistView.swift */; };
		58E526F02A11AA61006535FB /* PlaylistViewModel.swift in Sources */ = {isa = PBXBuildFile; fileRef = 58E526EF2A11AA61006535FB /* PlaylistViewModel.swift */; };
/* End PBXBuildFile section */

/* Begin PBXFileReference section */
		5840E25C2A1883D000959819 /* RecommendedSongsRes.swift */ = {isa = PBXFileReference; lastKnownFileType = sourcecode.swift; path = RecommendedSongsRes.swift; sourceTree = "<group>"; };
		58620F692A1729170098F35A /* SpotifyError.swift */ = {isa = PBXFileReference; lastKnownFileType = sourcecode.swift; path = SpotifyError.swift; sourceTree = "<group>"; };
		58673AFA2A115B7E00B2829B /* User.swift */ = {isa = PBXFileReference; lastKnownFileType = sourcecode.swift; path = User.swift; sourceTree = "<group>"; };
		58673AFE2A1168F000B2829B /* SaveSongReq.swift */ = {isa = PBXFileReference; lastKnownFileType = sourcecode.swift; path = SaveSongReq.swift; sourceTree = "<group>"; };
		58673B002A116A5F00B2829B /* ActionsViewModel.swift */ = {isa = PBXFileReference; lastKnownFileType = sourcecode.swift; path = ActionsViewModel.swift; sourceTree = "<group>"; };
		588C1EDA2A1C33D800035FC1 /* CreatePlaylistReq.swift */ = {isa = PBXFileReference; lastKnownFileType = sourcecode.swift; path = CreatePlaylistReq.swift; sourceTree = "<group>"; };
		588C1EDC2A1C344300035FC1 /* CreatePlaylistRes.swift */ = {isa = PBXFileReference; lastKnownFileType = sourcecode.swift; path = CreatePlaylistRes.swift; sourceTree = "<group>"; };
		589127B02A0ED19400CA0B0C /* Personal-DJ.app */ = {isa = PBXFileReference; explicitFileType = wrapper.application; includeInIndex = 0; path = "Personal-DJ.app"; sourceTree = BUILT_PRODUCTS_DIR; };
		589127B32A0ED19400CA0B0C /* App.swift */ = {isa = PBXFileReference; lastKnownFileType = sourcecode.swift; path = App.swift; sourceTree = "<group>"; };
		589127B72A0ED19500CA0B0C /* Assets.xcassets */ = {isa = PBXFileReference; lastKnownFileType = folder.assetcatalog; path = Assets.xcassets; sourceTree = "<group>"; };
		589127BA2A0ED19500CA0B0C /* Preview Assets.xcassets */ = {isa = PBXFileReference; lastKnownFileType = folder.assetcatalog; path = "Preview Assets.xcassets"; sourceTree = "<group>"; };
		589127C22A0ED26D00CA0B0C /* HomeView.swift */ = {isa = PBXFileReference; lastKnownFileType = sourcecode.swift; path = HomeView.swift; sourceTree = "<group>"; };
		589127C42A0ED27E00CA0B0C /* SongView.swift */ = {isa = PBXFileReference; lastKnownFileType = sourcecode.swift; path = SongView.swift; sourceTree = "<group>"; };
		589127C62A0ED29D00CA0B0C /* ActionsView.swift */ = {isa = PBXFileReference; lastKnownFileType = sourcecode.swift; path = ActionsView.swift; sourceTree = "<group>"; };
		589127C92A0ED6E100CA0B0C /* Song.swift */ = {isa = PBXFileReference; lastKnownFileType = sourcecode.swift; path = Song.swift; sourceTree = "<group>"; };
		589127CB2A0EE28800CA0B0C /* SettingsView.swift */ = {isa = PBXFileReference; lastKnownFileType = sourcecode.swift; path = SettingsView.swift; sourceTree = "<group>"; };
		589127CD2A0F03FD00CA0B0C /* SignInView.swift */ = {isa = PBXFileReference; lastKnownFileType = sourcecode.swift; path = SignInView.swift; sourceTree = "<group>"; };
		589127CF2A0F04EB00CA0B0C /* ViewSwitcher.swift */ = {isa = PBXFileReference; lastKnownFileType = sourcecode.swift; path = ViewSwitcher.swift; sourceTree = "<group>"; };
		589127D32A0F056800CA0B0C /* Auth.swift */ = {isa = PBXFileReference; lastKnownFileType = sourcecode.swift; path = Auth.swift; sourceTree = "<group>"; };
		589127D52A0F05AF00CA0B0C /* AccessTokenRes.swift */ = {isa = PBXFileReference; lastKnownFileType = sourcecode.swift; path = AccessTokenRes.swift; sourceTree = "<group>"; };
		589127D72A0F065500CA0B0C /* SignInViewModel.swift */ = {isa = PBXFileReference; lastKnownFileType = sourcecode.swift; path = SignInViewModel.swift; sourceTree = "<group>"; };
		589127D92A0F0BCF00CA0B0C /* Audio.swift */ = {isa = PBXFileReference; lastKnownFileType = sourcecode.swift; path = Audio.swift; sourceTree = "<group>"; };
		589127DB2A0F0E2500CA0B0C /* SongViewModel.swift */ = {isa = PBXFileReference; lastKnownFileType = sourcecode.swift; path = SongViewModel.swift; sourceTree = "<group>"; };
		58CF54192A1D7F4700532287 /* SwipeRightToast.swift */ = {isa = PBXFileReference; lastKnownFileType = sourcecode.swift; path = SwipeRightToast.swift; sourceTree = "<group>"; };
		58DECE682A131C3800142906 /* TopSongsRes.swift */ = {isa = PBXFileReference; lastKnownFileType = sourcecode.swift; path = TopSongsRes.swift; sourceTree = "<group>"; };
		58DECE6A2A131EC700142906 /* Album.swift */ = {isa = PBXFileReference; lastKnownFileType = sourcecode.swift; path = Album.swift; sourceTree = "<group>"; };
		58DECE6C2A131FBD00142906 /* APIError.swift */ = {isa = PBXFileReference; lastKnownFileType = sourcecode.swift; path = APIError.swift; sourceTree = "<group>"; };
		58DECE6E2A1321D500142906 /* SpotifyImage.swift */ = {isa = PBXFileReference; lastKnownFileType = sourcecode.swift; path = SpotifyImage.swift; sourceTree = "<group>"; };
		58DECE702A1321F600142906 /* Artist.swift */ = {isa = PBXFileReference; lastKnownFileType = sourcecode.swift; path = Artist.swift; sourceTree = "<group>"; };
		58DECE722A13226D00142906 /* Playlist.swift */ = {isa = PBXFileReference; lastKnownFileType = sourcecode.swift; path = Playlist.swift; sourceTree = "<group>"; };
		58DECE742A13239C00142906 /* ExplicitContent.swift */ = {isa = PBXFileReference; lastKnownFileType = sourcecode.swift; path = ExplicitContent.swift; sourceTree = "<group>"; };
		58DECE762A13247E00142906 /* AddSongReq.swift */ = {isa = PBXFileReference; lastKnownFileType = sourcecode.swift; path = AddSongReq.swift; sourceTree = "<group>"; };
		58E526E92A119F99006535FB /* UserPlaylistsRes.swift */ = {isa = PBXFileReference; lastKnownFileType = sourcecode.swift; path = UserPlaylistsRes.swift; sourceTree = "<group>"; };
		58E526ED2A11A458006535FB /* PlaylistView.swift */ = {isa = PBXFileReference; lastKnownFileType = sourcecode.swift; path = PlaylistView.swift; sourceTree = "<group>"; };
		58E526EF2A11AA61006535FB /* PlaylistViewModel.swift */ = {isa = PBXFileReference; lastKnownFileType = sourcecode.swift; path = PlaylistViewModel.swift; sourceTree = "<group>"; };
/* End PBXFileReference section */

/* Begin PBXFrameworksBuildPhase section */
		589127AD2A0ED19400CA0B0C /* Frameworks */ = {
			isa = PBXFrameworksBuildPhase;
			buildActionMask = 2147483647;
			files = (
			);
			runOnlyForDeploymentPostprocessing = 0;
		};
/* End PBXFrameworksBuildPhase section */

/* Begin PBXGroup section */
		58673AFC2A11654100B2829B /* Res */ = {
			isa = PBXGroup;
			children = (
				58DECE6C2A131FBD00142906 /* APIError.swift */,
				589127D52A0F05AF00CA0B0C /* AccessTokenRes.swift */,
				58E526E92A119F99006535FB /* UserPlaylistsRes.swift */,
				58DECE682A131C3800142906 /* TopSongsRes.swift */,
				5840E25C2A1883D000959819 /* RecommendedSongsRes.swift */,
				588C1EDC2A1C344300035FC1 /* CreatePlaylistRes.swift */,
			);
			path = Res;
			sourceTree = "<group>";
		};
		58673AFD2A1168DD00B2829B /* Req */ = {
			isa = PBXGroup;
			children = (
				58673AFE2A1168F000B2829B /* SaveSongReq.swift */,
				58DECE762A13247E00142906 /* AddSongReq.swift */,
				588C1EDA2A1C33D800035FC1 /* CreatePlaylistReq.swift */,
			);
			path = Req;
			sourceTree = "<group>";
		};
		589127A72A0ED19400CA0B0C = {
			isa = PBXGroup;
			children = (
				589127B22A0ED19400CA0B0C /* Personal-DJ */,
				589127B12A0ED19400CA0B0C /* Products */,
			);
			sourceTree = "<group>";
		};
		589127B12A0ED19400CA0B0C /* Products */ = {
			isa = PBXGroup;
			children = (
				589127B02A0ED19400CA0B0C /* Personal-DJ.app */,
			);
			name = Products;
			sourceTree = "<group>";
		};
		589127B22A0ED19400CA0B0C /* Personal-DJ */ = {
			isa = PBXGroup;
			children = (
				589127B32A0ED19400CA0B0C /* App.swift */,
				589127D12A0F053900CA0B0C /* Managers */,
				589127D22A0F054000CA0B0C /* ViewModels */,
				589127C82A0ED6C800CA0B0C /* Models */,
				589127C12A0ED24A00CA0B0C /* Views */,
				589127B72A0ED19500CA0B0C /* Assets.xcassets */,
				589127B92A0ED19500CA0B0C /* Preview Content */,
			);
			path = "Personal-DJ";
			sourceTree = "<group>";
		};
		589127B92A0ED19500CA0B0C /* Preview Content */ = {
			isa = PBXGroup;
			children = (
				589127BA2A0ED19500CA0B0C /* Preview Assets.xcassets */,
			);
			path = "Preview Content";
			sourceTree = "<group>";
		};
		589127C12A0ED24A00CA0B0C /* Views */ = {
			isa = PBXGroup;
			children = (
				58CF54162A1D7EFE00532287 /* Toasts */,
				589127CF2A0F04EB00CA0B0C /* ViewSwitcher.swift */,
				589127CD2A0F03FD00CA0B0C /* SignInView.swift */,
				589127C22A0ED26D00CA0B0C /* HomeView.swift */,
				589127CB2A0EE28800CA0B0C /* SettingsView.swift */,
				589127C42A0ED27E00CA0B0C /* SongView.swift */,
				589127C62A0ED29D00CA0B0C /* ActionsView.swift */,
				58E526ED2A11A458006535FB /* PlaylistView.swift */,
			);
			path = Views;
			sourceTree = "<group>";
		};
		589127C82A0ED6C800CA0B0C /* Models */ = {
			isa = PBXGroup;
			children = (
				58DECE702A1321F600142906 /* Artist.swift */,
				58DECE6A2A131EC700142906 /* Album.swift */,
				58DECE742A13239C00142906 /* ExplicitContent.swift */,
				58DECE6E2A1321D500142906 /* SpotifyImage.swift */,
				58620F692A1729170098F35A /* SpotifyError.swift */,
				589127C92A0ED6E100CA0B0C /* Song.swift */,
				58DECE722A13226D00142906 /* Playlist.swift */,
				58673AFA2A115B7E00B2829B /* User.swift */,
				58673AFD2A1168DD00B2829B /* Req */,
				58673AFC2A11654100B2829B /* Res */,
			);
			path = Models;
			sourceTree = "<group>";
		};
		589127D12A0F053900CA0B0C /* Managers */ = {
			isa = PBXGroup;
			children = (
				589127D32A0F056800CA0B0C /* Auth.swift */,
				589127D92A0F0BCF00CA0B0C /* Audio.swift */,
			);
			path = Managers;
			sourceTree = "<group>";
		};
		589127D22A0F054000CA0B0C /* ViewModels */ = {
			isa = PBXGroup;
			children = (
				589127D72A0F065500CA0B0C /* SignInViewModel.swift */,
				589127DB2A0F0E2500CA0B0C /* SongViewModel.swift */,
				58673B002A116A5F00B2829B /* ActionsViewModel.swift */,
				58E526EF2A11AA61006535FB /* PlaylistViewModel.swift */,
			);
			path = ViewModels;
			sourceTree = "<group>";
		};
		58CF54162A1D7EFE00532287 /* Toasts */ = {
			isa = PBXGroup;
			children = (
				58CF54192A1D7F4700532287 /* SwipeRightToast.swift */,
			);
			path = Toasts;
			sourceTree = "<group>";
		};
/* End PBXGroup section */

/* Begin PBXNativeTarget section */
		589127AF2A0ED19400CA0B0C /* Personal-DJ */ = {
			isa = PBXNativeTarget;
			buildConfigurationList = 589127BE2A0ED19500CA0B0C /* Build configuration list for PBXNativeTarget "Personal-DJ" */;
			buildPhases = (
				589127AC2A0ED19400CA0B0C /* Sources */,
				589127AD2A0ED19400CA0B0C /* Frameworks */,
				589127AE2A0ED19400CA0B0C /* Resources */,
			);
			buildRules = (
			);
			dependencies = (
			);
			name = "Personal-DJ";
			productName = "Personal-DJ";
			productReference = 589127B02A0ED19400CA0B0C /* Personal-DJ.app */;
			productType = "com.apple.product-type.application";
		};
/* End PBXNativeTarget section */

/* Begin PBXProject section */
		589127A82A0ED19400CA0B0C /* Project object */ = {
			isa = PBXProject;
			attributes = {
				BuildIndependentTargetsInParallel = 1;
				LastSwiftUpdateCheck = 1430;
				LastUpgradeCheck = 1430;
				TargetAttributes = {
					589127AF2A0ED19400CA0B0C = {
						CreatedOnToolsVersion = 14.3;
					};
				};
			};
			buildConfigurationList = 589127AB2A0ED19400CA0B0C /* Build configuration list for PBXProject "Personal-DJ" */;
			compatibilityVersion = "Xcode 14.0";
			developmentRegion = en;
			hasScannedForEncodings = 0;
			knownRegions = (
				en,
				Base,
			);
			mainGroup = 589127A72A0ED19400CA0B0C;
			productRefGroup = 589127B12A0ED19400CA0B0C /* Products */;
			projectDirPath = "";
			projectRoot = "";
			targets = (
				589127AF2A0ED19400CA0B0C /* Personal-DJ */,
			);
		};
/* End PBXProject section */

/* Begin PBXResourcesBuildPhase section */
		589127AE2A0ED19400CA0B0C /* Resources */ = {
			isa = PBXResourcesBuildPhase;
			buildActionMask = 2147483647;
			files = (
				589127BB2A0ED19500CA0B0C /* Preview Assets.xcassets in Resources */,
				589127B82A0ED19500CA0B0C /* Assets.xcassets in Resources */,
			);
			runOnlyForDeploymentPostprocessing = 0;
		};
/* End PBXResourcesBuildPhase section */

/* Begin PBXSourcesBuildPhase section */
		589127AC2A0ED19400CA0B0C /* Sources */ = {
			isa = PBXSourcesBuildPhase;
			buildActionMask = 2147483647;
			files = (
				589127D62A0F05AF00CA0B0C /* AccessTokenRes.swift in Sources */,
				58CF541A2A1D7F4700532287 /* SwipeRightToast.swift in Sources */,
				58DECE732A13226D00142906 /* Playlist.swift in Sources */,
				589127C52A0ED27E00CA0B0C /* SongView.swift in Sources */,
				589127D02A0F04EB00CA0B0C /* ViewSwitcher.swift in Sources */,
				589127CE2A0F03FD00CA0B0C /* SignInView.swift in Sources */,
				58673B012A116A5F00B2829B /* ActionsViewModel.swift in Sources */,
				58673AFB2A115B7E00B2829B /* User.swift in Sources */,
				58673AFF2A1168F000B2829B /* SaveSongReq.swift in Sources */,
				58DECE6F2A1321D500142906 /* SpotifyImage.swift in Sources */,
				58DECE692A131C3800142906 /* TopSongsRes.swift in Sources */,
				589127C72A0ED29D00CA0B0C /* ActionsView.swift in Sources */,
				58DECE772A13247E00142906 /* AddSongReq.swift in Sources */,
				58620F6A2A1729170098F35A /* SpotifyError.swift in Sources */,
				589127C32A0ED26D00CA0B0C /* HomeView.swift in Sources */,
				58E526F02A11AA61006535FB /* PlaylistViewModel.swift in Sources */,
				58DECE6D2A131FBD00142906 /* APIError.swift in Sources */,
				589127DA2A0F0BCF00CA0B0C /* Audio.swift in Sources */,
				589127CC2A0EE28800CA0B0C /* SettingsView.swift in Sources */,
				588C1EDD2A1C344300035FC1 /* CreatePlaylistRes.swift in Sources */,
				588C1EDB2A1C33D800035FC1 /* CreatePlaylistReq.swift in Sources */,
				589127B42A0ED19400CA0B0C /* App.swift in Sources */,
				589127D82A0F065500CA0B0C /* SignInViewModel.swift in Sources */,
				58E526EE2A11A458006535FB /* PlaylistView.swift in Sources */,
				589127DC2A0F0E2600CA0B0C /* SongViewModel.swift in Sources */,
				589127CA2A0ED6E100CA0B0C /* Song.swift in Sources */,
				58DECE6B2A131EC700142906 /* Album.swift in Sources */,
				5840E25D2A1883D000959819 /* RecommendedSongsRes.swift in Sources */,
				589127D42A0F056800CA0B0C /* Auth.swift in Sources */,
				58DECE712A1321F600142906 /* Artist.swift in Sources */,
				58E526EA2A119F99006535FB /* UserPlaylistsRes.swift in Sources */,
				58DECE752A13239C00142906 /* ExplicitContent.swift in Sources */,
			);
			runOnlyForDeploymentPostprocessing = 0;
		};
/* End PBXSourcesBuildPhase section */

/* Begin XCBuildConfiguration section */
		589127BC2A0ED19500CA0B0C /* Debug */ = {
			isa = XCBuildConfiguration;
			buildSettings = {
				ALWAYS_SEARCH_USER_PATHS = NO;
				CLANG_ANALYZER_NONNULL = YES;
				CLANG_ANALYZER_NUMBER_OBJECT_CONVERSION = YES_AGGRESSIVE;
				CLANG_CXX_LANGUAGE_STANDARD = "gnu++20";
				CLANG_ENABLE_MODULES = YES;
				CLANG_ENABLE_OBJC_ARC = YES;
				CLANG_ENABLE_OBJC_WEAK = YES;
				CLANG_WARN_BLOCK_CAPTURE_AUTORELEASING = YES;
				CLANG_WARN_BOOL_CONVERSION = YES;
				CLANG_WARN_COMMA = YES;
				CLANG_WARN_CONSTANT_CONVERSION = YES;
				CLANG_WARN_DEPRECATED_OBJC_IMPLEMENTATIONS = YES;
				CLANG_WARN_DIRECT_OBJC_ISA_USAGE = YES_ERROR;
				CLANG_WARN_DOCUMENTATION_COMMENTS = YES;
				CLANG_WARN_EMPTY_BODY = YES;
				CLANG_WARN_ENUM_CONVERSION = YES;
				CLANG_WARN_INFINITE_RECURSION = YES;
				CLANG_WARN_INT_CONVERSION = YES;
				CLANG_WARN_NON_LITERAL_NULL_CONVERSION = YES;
				CLANG_WARN_OBJC_IMPLICIT_RETAIN_SELF = YES;
				CLANG_WARN_OBJC_LITERAL_CONVERSION = YES;
				CLANG_WARN_OBJC_ROOT_CLASS = YES_ERROR;
				CLANG_WARN_QUOTED_INCLUDE_IN_FRAMEWORK_HEADER = YES;
				CLANG_WARN_RANGE_LOOP_ANALYSIS = YES;
				CLANG_WARN_STRICT_PROTOTYPES = YES;
				CLANG_WARN_SUSPICIOUS_MOVE = YES;
				CLANG_WARN_UNGUARDED_AVAILABILITY = YES_AGGRESSIVE;
				CLANG_WARN_UNREACHABLE_CODE = YES;
				CLANG_WARN__DUPLICATE_METHOD_MATCH = YES;
				COPY_PHASE_STRIP = NO;
				DEBUG_INFORMATION_FORMAT = dwarf;
				ENABLE_STRICT_OBJC_MSGSEND = YES;
				ENABLE_TESTABILITY = YES;
				GCC_C_LANGUAGE_STANDARD = gnu11;
				GCC_DYNAMIC_NO_PIC = NO;
				GCC_NO_COMMON_BLOCKS = YES;
				GCC_OPTIMIZATION_LEVEL = 0;
				GCC_PREPROCESSOR_DEFINITIONS = (
					"DEBUG=1",
					"$(inherited)",
				);
				GCC_WARN_64_TO_32_BIT_CONVERSION = YES;
				GCC_WARN_ABOUT_RETURN_TYPE = YES_ERROR;
				GCC_WARN_UNDECLARED_SELECTOR = YES;
				GCC_WARN_UNINITIALIZED_AUTOS = YES_AGGRESSIVE;
				GCC_WARN_UNUSED_FUNCTION = YES;
				GCC_WARN_UNUSED_VARIABLE = YES;
				IPHONEOS_DEPLOYMENT_TARGET = 16.4;
				MTL_ENABLE_DEBUG_INFO = INCLUDE_SOURCE;
				MTL_FAST_MATH = YES;
				ONLY_ACTIVE_ARCH = YES;
				SDKROOT = iphoneos;
				SWIFT_ACTIVE_COMPILATION_CONDITIONS = DEBUG;
				SWIFT_OPTIMIZATION_LEVEL = "-Onone";
			};
			name = Debug;
		};
		589127BD2A0ED19500CA0B0C /* Release */ = {
			isa = XCBuildConfiguration;
			buildSettings = {
				ALWAYS_SEARCH_USER_PATHS = NO;
				CLANG_ANALYZER_NONNULL = YES;
				CLANG_ANALYZER_NUMBER_OBJECT_CONVERSION = YES_AGGRESSIVE;
				CLANG_CXX_LANGUAGE_STANDARD = "gnu++20";
				CLANG_ENABLE_MODULES = YES;
				CLANG_ENABLE_OBJC_ARC = YES;
				CLANG_ENABLE_OBJC_WEAK = YES;
				CLANG_WARN_BLOCK_CAPTURE_AUTORELEASING = YES;
				CLANG_WARN_BOOL_CONVERSION = YES;
				CLANG_WARN_COMMA = YES;
				CLANG_WARN_CONSTANT_CONVERSION = YES;
				CLANG_WARN_DEPRECATED_OBJC_IMPLEMENTATIONS = YES;
				CLANG_WARN_DIRECT_OBJC_ISA_USAGE = YES_ERROR;
				CLANG_WARN_DOCUMENTATION_COMMENTS = YES;
				CLANG_WARN_EMPTY_BODY = YES;
				CLANG_WARN_ENUM_CONVERSION = YES;
				CLANG_WARN_INFINITE_RECURSION = YES;
				CLANG_WARN_INT_CONVERSION = YES;
				CLANG_WARN_NON_LITERAL_NULL_CONVERSION = YES;
				CLANG_WARN_OBJC_IMPLICIT_RETAIN_SELF = YES;
				CLANG_WARN_OBJC_LITERAL_CONVERSION = YES;
				CLANG_WARN_OBJC_ROOT_CLASS = YES_ERROR;
				CLANG_WARN_QUOTED_INCLUDE_IN_FRAMEWORK_HEADER = YES;
				CLANG_WARN_RANGE_LOOP_ANALYSIS = YES;
				CLANG_WARN_STRICT_PROTOTYPES = YES;
				CLANG_WARN_SUSPICIOUS_MOVE = YES;
				CLANG_WARN_UNGUARDED_AVAILABILITY = YES_AGGRESSIVE;
				CLANG_WARN_UNREACHABLE_CODE = YES;
				CLANG_WARN__DUPLICATE_METHOD_MATCH = YES;
				COPY_PHASE_STRIP = NO;
				DEBUG_INFORMATION_FORMAT = "dwarf-with-dsym";
				ENABLE_NS_ASSERTIONS = NO;
				ENABLE_STRICT_OBJC_MSGSEND = YES;
				GCC_C_LANGUAGE_STANDARD = gnu11;
				GCC_NO_COMMON_BLOCKS = YES;
				GCC_WARN_64_TO_32_BIT_CONVERSION = YES;
				GCC_WARN_ABOUT_RETURN_TYPE = YES_ERROR;
				GCC_WARN_UNDECLARED_SELECTOR = YES;
				GCC_WARN_UNINITIALIZED_AUTOS = YES_AGGRESSIVE;
				GCC_WARN_UNUSED_FUNCTION = YES;
				GCC_WARN_UNUSED_VARIABLE = YES;
				IPHONEOS_DEPLOYMENT_TARGET = 16.4;
				MTL_ENABLE_DEBUG_INFO = NO;
				MTL_FAST_MATH = YES;
				SDKROOT = iphoneos;
				SWIFT_COMPILATION_MODE = wholemodule;
				SWIFT_OPTIMIZATION_LEVEL = "-O";
				VALIDATE_PRODUCT = YES;
			};
			name = Release;
		};
		589127BF2A0ED19500CA0B0C /* Debug */ = {
			isa = XCBuildConfiguration;
			buildSettings = {
				ASSETCATALOG_COMPILER_APPICON_NAME = AppIcon;
				ASSETCATALOG_COMPILER_GLOBAL_ACCENT_COLOR_NAME = AccentColor;
				CODE_SIGN_STYLE = Automatic;
				CURRENT_PROJECT_VERSION = 1;
				DEVELOPMENT_ASSET_PATHS = "\"Personal-DJ/Preview Content\"";
				DEVELOPMENT_TEAM = GK65Y9N922;
				ENABLE_PREVIEWS = YES;
				GENERATE_INFOPLIST_FILE = YES;
				INFOPLIST_KEY_UIApplicationSceneManifest_Generation = YES;
				INFOPLIST_KEY_UIApplicationSupportsIndirectInputEvents = YES;
				INFOPLIST_KEY_UILaunchScreen_Generation = YES;
				INFOPLIST_KEY_UISupportedInterfaceOrientations_iPad = "UIInterfaceOrientationPortrait UIInterfaceOrientationPortraitUpsideDown UIInterfaceOrientationLandscapeLeft UIInterfaceOrientationLandscapeRight";
				INFOPLIST_KEY_UISupportedInterfaceOrientations_iPhone = "UIInterfaceOrientationPortrait UIInterfaceOrientationLandscapeLeft UIInterfaceOrientationLandscapeRight";
				IPHONEOS_DEPLOYMENT_TARGET = 16.0;
				LD_RUNPATH_SEARCH_PATHS = (
					"$(inherited)",
					"@executable_path/Frameworks",
				);
				MARKETING_VERSION = 1.0;
				PRODUCT_BUNDLE_IDENTIFIER = "com.nathandcarter21.Personal-DJ";
				PRODUCT_NAME = "$(TARGET_NAME)";
				SWIFT_EMIT_LOC_STRINGS = YES;
				SWIFT_VERSION = 5.0;
				TARGETED_DEVICE_FAMILY = "1,2";
			};
			name = Debug;
		};
		589127C02A0ED19500CA0B0C /* Release */ = {
			isa = XCBuildConfiguration;
			buildSettings = {
				ASSETCATALOG_COMPILER_APPICON_NAME = AppIcon;
				ASSETCATALOG_COMPILER_GLOBAL_ACCENT_COLOR_NAME = AccentColor;
				CODE_SIGN_STYLE = Automatic;
				CURRENT_PROJECT_VERSION = 1;
				DEVELOPMENT_ASSET_PATHS = "\"Personal-DJ/Preview Content\"";
				DEVELOPMENT_TEAM = GK65Y9N922;
				ENABLE_PREVIEWS = YES;
				GENERATE_INFOPLIST_FILE = YES;
				INFOPLIST_KEY_UIApplicationSceneManifest_Generation = YES;
				INFOPLIST_KEY_UIApplicationSupportsIndirectInputEvents = YES;
				INFOPLIST_KEY_UILaunchScreen_Generation = YES;
				INFOPLIST_KEY_UISupportedInterfaceOrientations_iPad = "UIInterfaceOrientationPortrait UIInterfaceOrientationPortraitUpsideDown UIInterfaceOrientationLandscapeLeft UIInterfaceOrientationLandscapeRight";
				INFOPLIST_KEY_UISupportedInterfaceOrientations_iPhone = "UIInterfaceOrientationPortrait UIInterfaceOrientationLandscapeLeft UIInterfaceOrientationLandscapeRight";
				IPHONEOS_DEPLOYMENT_TARGET = 16.0;
				LD_RUNPATH_SEARCH_PATHS = (
					"$(inherited)",
					"@executable_path/Frameworks",
				);
				MARKETING_VERSION = 1.0;
				PRODUCT_BUNDLE_IDENTIFIER = "com.nathandcarter21.Personal-DJ";
				PRODUCT_NAME = "$(TARGET_NAME)";
				SWIFT_EMIT_LOC_STRINGS = YES;
				SWIFT_VERSION = 5.0;
				TARGETED_DEVICE_FAMILY = "1,2";
			};
			name = Release;
		};
/* End XCBuildConfiguration section */

/* Begin XCConfigurationList section */
		589127AB2A0ED19400CA0B0C /* Build configuration list for PBXProject "Personal-DJ" */ = {
			isa = XCConfigurationList;
			buildConfigurations = (
				589127BC2A0ED19500CA0B0C /* Debug */,
				589127BD2A0ED19500CA0B0C /* Release */,
			);
			defaultConfigurationIsVisible = 0;
			defaultConfigurationName = Release;
		};
		589127BE2A0ED19500CA0B0C /* Build configuration list for PBXNativeTarget "Personal-DJ" */ = {
			isa = XCConfigurationList;
			buildConfigurations = (
				589127BF2A0ED19500CA0B0C /* Debug */,
				589127C02A0ED19500CA0B0C /* Release */,
			);
			defaultConfigurationIsVisible = 0;
			defaultConfigurationName = Release;
		};
/* End XCConfigurationList section */
	};
	rootObject = 589127A82A0ED19400CA0B0C /* Project object */;
}
